
Microsoft Visual Studio Solution File, Format Version 12.00
# Visual Studio Version 17
VisualStudioVersion = 17.4.33110.190
MinimumVisualStudioVersion = 10.0.40219.1
Project("{FAE04EC0-301F-11D3-BF4B-00C04F79EFBC}") = "hosman_api", "hosman_api.csproj", "{742A8EAB-CCF9-4A6E-A412-E8CAF672CE3D}"
EndProject
Global
	GlobalSection(SolutionConfigurationPlatforms) = preSolution
		Debug|Any CPU = Debug|Any CPU
		Release|Any CPU = Release|Any CPU
	EndGlobalSection
	GlobalSection(ProjectConfigurationPlatforms) = postSolution
		{742A8EAB-CCF9-4A6E-A412-E8CAF672CE3D}.Debug|Any CPU.ActiveCfg = Debug|Any CPU
		{742A8EAB-CCF9-4A6E-A412-E8CAF672CE3D}.Debug|Any CPU.Build.0 = Debug|Any CPU
		{742A8EAB-CCF9-4A6E-A412-E8CAF672CE3D}.Release|Any CPU.ActiveCfg = Release|Any CPU
		{742A8EAB-CCF9-4A6E-A412-E8CAF672CE3D}.Release|Any CPU.Build.0 = Release|Any CPU
	EndGlobalSection
	GlobalSection(SolutionProperties) = preSolution
		HideSolutionNode = FALSE
	EndGlobalSection
	GlobalSection(ExtensibilityGlobals) = postSolution
		SolutionGuid = {74010E39-1E54-4B36-91E9-E697934B5126}
	EndGlobalSection
EndGlobal
